
Microsoft Visual Studio Solution File, Format Version 12.00
# Visual Studio Version 17
VisualStudioVersion = 17.9.34902.65
MinimumVisualStudioVersion = 10.0.40219.1
Project("{FAE04EC0-301F-11D3-BF4B-00C04F79EFBC}") = "ArganaWeedClietApi", "ArganaWeedClietApi\ArganaWeedClietApi.csproj", "{6EC6DD58-E92B-4183-9F37-9CBA545DB0AD}"
EndProject
Global
	GlobalSection(SolutionConfigurationPlatforms) = preSolution
		Debug|Any CPU = Debug|Any CPU
		Release|Any CPU = Release|Any CPU
	EndGlobalSection
	GlobalSection(ProjectConfigurationPlatforms) = postSolution
		{6EC6DD58-E92B-4183-9F37-9CBA545DB0AD}.Debug|Any CPU.ActiveCfg = Debug|Any CPU
		{6EC6DD58-E92B-4183-9F37-9CBA545DB0AD}.Debug|Any CPU.Build.0 = Debug|Any CPU
		{6EC6DD58-E92B-4183-9F37-9CBA545DB0AD}.Release|Any CPU.ActiveCfg = Release|Any CPU
		{6EC6DD58-E92B-4183-9F37-9CBA545DB0AD}.Release|Any CPU.Build.0 = Release|Any CPU
	EndGlobalSection
	GlobalSection(SolutionProperties) = preSolution
		HideSolutionNode = FALSE
	EndGlobalSection
	GlobalSection(ExtensibilityGlobals) = postSolution
		SolutionGuid = {AA4DF7CE-5CE2-4EB5-8B31-39322A39ED4C}
	EndGlobalSection
EndGlobal
